
Microsoft Visual Studio Solution File, Format Version 12.00
# Visual Studio Version 16
VisualStudioVersion = 16.0.29418.71
MinimumVisualStudioVersion = 10.0.40219.1
Project("{FAE04EC0-301F-11D3-BF4B-00C04F79EFBC}") = "QuoteApi", "QuoteApi\QuoteApi.csproj", "{91E1FA26-96D9-4B46-8481-6B66F0B54AA5}"
EndProject
Global
	GlobalSection(SolutionConfigurationPlatforms) = preSolution
		Debug|Any CPU = Debug|Any CPU
		Release|Any CPU = Release|Any CPU
	EndGlobalSection
	GlobalSection(ProjectConfigurationPlatforms) = postSolution
		{91E1FA26-96D9-4B46-8481-6B66F0B54AA5}.Debug|Any CPU.ActiveCfg = Debug|Any CPU
		{91E1FA26-96D9-4B46-8481-6B66F0B54AA5}.Debug|Any CPU.Build.0 = Debug|Any CPU
		{91E1FA26-96D9-4B46-8481-6B66F0B54AA5}.Release|Any CPU.ActiveCfg = Release|Any CPU
		{91E1FA26-96D9-4B46-8481-6B66F0B54AA5}.Release|Any CPU.Build.0 = Release|Any CPU
	EndGlobalSection
	GlobalSection(SolutionProperties) = preSolution
		HideSolutionNode = FALSE
	EndGlobalSection
	GlobalSection(ExtensibilityGlobals) = postSolution
		SolutionGuid = {F961FF29-47D7-4100-B2CE-677F72F7C02C}
	EndGlobalSection
EndGlobal
